
Microsoft Visual Studio Solution File, Format Version 12.00
# Visual Studio Version 17
VisualStudioVersion = 17.3.32922.545
MinimumVisualStudioVersion = 10.0.40219.1
Project("{FAE04EC0-301F-11D3-BF4B-00C04F79EFBC}") = "WEB", "WEB\WEB.csproj", "{39A4A47C-5CE8-4EB9-88BD-9435F8B9BB31}"
EndProject
Project("{FAE04EC0-301F-11D3-BF4B-00C04F79EFBC}") = "DAL", "DAL\DAL.csproj", "{1196EBA3-D841-4F01-A697-E517D3DA0FEA}"
EndProject
Project("{FAE04EC0-301F-11D3-BF4B-00C04F79EFBC}") = "BLL", "BLL\BLL.csproj", "{DA8893F6-D534-4693-95D7-8ACB666DEB17}"
EndProject
Global
	GlobalSection(SolutionConfigurationPlatforms) = preSolution
		Debug|Any CPU = Debug|Any CPU
		Release|Any CPU = Release|Any CPU
	EndGlobalSection
	GlobalSection(ProjectConfigurationPlatforms) = postSolution
		{39A4A47C-5CE8-4EB9-88BD-9435F8B9BB31}.Debug|Any CPU.ActiveCfg = Debug|Any CPU
		{39A4A47C-5CE8-4EB9-88BD-9435F8B9BB31}.Debug|Any CPU.Build.0 = Debug|Any CPU
		{39A4A47C-5CE8-4EB9-88BD-9435F8B9BB31}.Release|Any CPU.ActiveCfg = Release|Any CPU
		{39A4A47C-5CE8-4EB9-88BD-9435F8B9BB31}.Release|Any CPU.Build.0 = Release|Any CPU
		{1196EBA3-D841-4F01-A697-E517D3DA0FEA}.Debug|Any CPU.ActiveCfg = Debug|Any CPU
		{1196EBA3-D841-4F01-A697-E517D3DA0FEA}.Debug|Any CPU.Build.0 = Debug|Any CPU
		{1196EBA3-D841-4F01-A697-E517D3DA0FEA}.Release|Any CPU.ActiveCfg = Release|Any CPU
		{1196EBA3-D841-4F01-A697-E517D3DA0FEA}.Release|Any CPU.Build.0 = Release|Any CPU
		{DA8893F6-D534-4693-95D7-8ACB666DEB17}.Debug|Any CPU.ActiveCfg = Debug|Any CPU
		{DA8893F6-D534-4693-95D7-8ACB666DEB17}.Debug|Any CPU.Build.0 = Debug|Any CPU
		{DA8893F6-D534-4693-95D7-8ACB666DEB17}.Release|Any CPU.ActiveCfg = Release|Any CPU
		{DA8893F6-D534-4693-95D7-8ACB666DEB17}.Release|Any CPU.Build.0 = Release|Any CPU
	EndGlobalSection
	GlobalSection(SolutionProperties) = preSolution
		HideSolutionNode = FALSE
	EndGlobalSection
	GlobalSection(ExtensibilityGlobals) = postSolution
		SolutionGuid = {D1711D00-C0AB-480F-A889-3BF4067645C0}
	EndGlobalSection
EndGlobal
